
Microsoft Visual Studio Solution File, Format Version 12.00
# Visual Studio 2013
VisualStudioVersion = 12.0.21005.1
MinimumVisualStudioVersion = 10.0.40219.1
Project("{F184B08F-C81C-45F6-A57F-5ABD9991F28F}") = "BLL", "BLL\BLL.vbproj", "{C712673C-6B4B-46D0-88DD-D83A97E5BE6D}"
EndProject
Project("{F184B08F-C81C-45F6-A57F-5ABD9991F28F}") = "DAL", "DAL\DAL.vbproj", "{A03A658F-F4F0-4EFC-B9C4-D50686571B6C}"
EndProject
Project("{F184B08F-C81C-45F6-A57F-5ABD9991F28F}") = "BE", "BE\BE.vbproj", "{FCC8D91C-8350-451E-ADAF-711772BBCE7B}"
EndProject
Project("{F184B08F-C81C-45F6-A57F-5ABD9991F28F}") = "UI", "UI\UI.vbproj", "{EC1F366A-A4C6-4B4D-890B-DB132008DD0C}"
EndProject
Global
	GlobalSection(SolutionConfigurationPlatforms) = preSolution
		Debug|Any CPU = Debug|Any CPU
		Release|Any CPU = Release|Any CPU
	EndGlobalSection
	GlobalSection(ProjectConfigurationPlatforms) = postSolution
		{C712673C-6B4B-46D0-88DD-D83A97E5BE6D}.Debug|Any CPU.ActiveCfg = Debug|Any CPU
		{C712673C-6B4B-46D0-88DD-D83A97E5BE6D}.Debug|Any CPU.Build.0 = Debug|Any CPU
		{C712673C-6B4B-46D0-88DD-D83A97E5BE6D}.Release|Any CPU.ActiveCfg = Release|Any CPU
		{C712673C-6B4B-46D0-88DD-D83A97E5BE6D}.Release|Any CPU.Build.0 = Release|Any CPU
		{A03A658F-F4F0-4EFC-B9C4-D50686571B6C}.Debug|Any CPU.ActiveCfg = Debug|Any CPU
		{A03A658F-F4F0-4EFC-B9C4-D50686571B6C}.Debug|Any CPU.Build.0 = Debug|Any CPU
		{A03A658F-F4F0-4EFC-B9C4-D50686571B6C}.Release|Any CPU.ActiveCfg = Release|Any CPU
		{A03A658F-F4F0-4EFC-B9C4-D50686571B6C}.Release|Any CPU.Build.0 = Release|Any CPU
		{FCC8D91C-8350-451E-ADAF-711772BBCE7B}.Debug|Any CPU.ActiveCfg = Debug|Any CPU
		{FCC8D91C-8350-451E-ADAF-711772BBCE7B}.Debug|Any CPU.Build.0 = Debug|Any CPU
		{FCC8D91C-8350-451E-ADAF-711772BBCE7B}.Release|Any CPU.ActiveCfg = Release|Any CPU
		{FCC8D91C-8350-451E-ADAF-711772BBCE7B}.Release|Any CPU.Build.0 = Release|Any CPU
		{EC1F366A-A4C6-4B4D-890B-DB132008DD0C}.Debug|Any CPU.ActiveCfg = Debug|Any CPU
		{EC1F366A-A4C6-4B4D-890B-DB132008DD0C}.Debug|Any CPU.Build.0 = Debug|Any CPU
		{EC1F366A-A4C6-4B4D-890B-DB132008DD0C}.Release|Any CPU.ActiveCfg = Release|Any CPU
		{EC1F366A-A4C6-4B4D-890B-DB132008DD0C}.Release|Any CPU.Build.0 = Release|Any CPU
	EndGlobalSection
	GlobalSection(SolutionProperties) = preSolution
		HideSolutionNode = FALSE
	EndGlobalSection
EndGlobal
